# THIS IS AN AUTOGENERATED FILE. DO NOT EDIT THIS FILE DIRECTLY.
# yarn lockfile v1


"@types/benchmark@^2.1.1":
  version "2.1.1"
  resolved "https://registry.yarnpkg.com/@types/benchmark/-/benchmark-2.1.1.tgz#d763df29717d93aa333eb11f421ef383a5df5673"
  integrity sha512-XmdNOarpSSxnb3DE2rRFOFsEyoqXLUL+7H8nSGS25vs+JS0018bd+cW5Ma9vdlkPmoTHSQ6e8EUFMFMxeE4l+g==

add@^2.0.6:
  version "2.0.6"
  resolved "https://registry.yarnpkg.com/add/-/add-2.0.6.tgz#248f0a9f6e5a528ef2295dbeec30532130ae2235"
  integrity sha1-JI8Kn25aUo7yKV2+7DBTITCuIjU=

benchmark@^2.1.4:
  version "2.1.4"
  resolved "https://registry.yarnpkg.com/benchmark/-/benchmark-2.1.4.tgz#09f3de31c916425d498cc2ee565a0ebf3c2a5629"
  integrity sha1-CfPeMckWQl1JjMLuVloOvzwqVik=
  dependencies:
    lodash "^4.17.4"
    platform "^1.3.3"

fp-ts@^2.11.9:
  version "2.11.9"
  resolved "https://registry.yarnpkg.com/fp-ts/-/fp-ts-2.11.9.tgz#bbc204e0932954b59c98a282635754a4b624a05e"
  integrity sha512-GhYlNKkCOfdjp71ocdtyaQGoqCswEoWDJLRr+2jClnBBq2dnSOtd6QxmJdALq8UhfqCyZZ0f0lxadU4OhwY9nw==

lodash@^4.17.4:
  version "4.17.21"
  resolved "https://registry.yarnpkg.com/lodash/-/lodash-4.17.21.tgz#679591c564c3bffaae8454cf0b3df370c3d6911c"
  integrity sha512-v2kDEe57lecTulaDIuNTPy3Ry4gLGJ6Z1O3vE1krgXZNrsQ+LFTGHVxVjcXPs17LhbZVGedAJv8XZ1tvj5FvSg==

platform@^1.3.3:
  version "1.3.6"
  resolved "https://registry.yarnpkg.com/platform/-/platform-1.3.6.tgz#48b4ce983164b209c2d45a107adb31f473a6e7a7"
  integrity sha512-fnWVljUchTro6RiCFvCXBbNhJc2NijN7oIQxbwsyL0buWJPG85v81ehlHI9fXrJsMNgTofEoWIQeClKpgxFLrg==

yarn@^1.22.18:
  version "1.22.18"
  resolved "https://registry.yarnpkg.com/yarn/-/yarn-1.22.18.tgz#05b822ade8c672987bab8858635145da0850f78a"
  integrity sha512-oFffv6Jp2+BTUBItzx1Z0dpikTX+raRdqupfqzeMKnoh7WD6RuPAxcqDkMUy9vafJkrB0YaV708znpuMhEBKGQ==
